// !$*UTF8*$!
{
	archiveVersion = 1;
	classes = {
	};
	objectVersion = 46;
	objects = {

/* Begin PBXBuildFile section */
		F3327DF91D3D02B500AA3E03 /* main.m in Sources */ = {isa = PBXBuildFile; fileRef = F3327DF81D3D02B500AA3E03 /* main.m */; };
		F3327DFC1D3D02B500AA3E03 /* AppDelegate.m in Sources */ = {isa = PBXBuildFile; fileRef = F3327DFB1D3D02B500AA3E03 /* AppDelegate.m */; };
		F3327DFF1D3D02B500AA3E03 /* ViewController.m in Sources */ = {isa = PBXBuildFile; fileRef = F3327DFE1D3D02B500AA3E03 /* ViewController.m */; };
		F3327E021D3D02B500AA3E03 /* Main.storyboard in Resources */ = {isa = PBXBuildFile; fileRef = F3327E001D3D02B500AA3E03 /* Main.storyboard */; };
		F3327E051D3D02B500AA3E03 /* __.xcdatamodeld in Sources */ = {isa = PBXBuildFile; fileRef = F3327E031D3D02B500AA3E03 /* __.xcdatamodeld */; };
		F3327E071D3D02B500AA3E03 /* Assets.xcassets in Resources */ = {isa = PBXBuildFile; fileRef = F3327E061D3D02B500AA3E03 /* Assets.xcassets */; };
		F3327E0A1D3D02B500AA3E03 /* LaunchScreen.storyboard in Resources */ = {isa = PBXBuildFile; fileRef = F3327E081D3D02B500AA3E03 /* LaunchScreen.storyboard */; };
		F3327E151D3D02B500AA3E03 /* __Tests.m in Sources */ = {isa = PBXBuildFile; fileRef = F3327E141D3D02B500AA3E03 /* __Tests.m */; };
		F3327E201D3D02B500AA3E03 /* __UITests.m in Sources */ = {isa = PBXBuildFile; fileRef = F3327E1F1D3D02B500AA3E03 /* __UITests.m */; };
/* End PBXBuildFile section */

/* Begin PBXContainerItemProxy section */
		F3327E111D3D02B500AA3E03 /* PBXContainerItemProxy */ = {
			isa = PBXContainerItemProxy;
			containerPortal = F3327DEC1D3D02B500AA3E03 /* Project object */;
			proxyType = 1;
			remoteGlobalIDString = F3327DF31D3D02B500AA3E03;
			remoteInfo = "萨达";
		};
		F3327E1C1D3D02B500AA3E03 /* PBXContainerItemProxy */ = {
			isa = PBXContainerItemProxy;
			containerPortal = F3327DEC1D3D02B500AA3E03 /* Project object */;
			proxyType = 1;
			remoteGlobalIDString = F3327DF31D3D02B500AA3E03;
			remoteInfo = "萨达";
		};
/* End PBXContainerItemProxy section */

/* Begin PBXFileReference section */
		F3327DF41D3D02B500AA3E03 /* 萨达.app */ = {isa = PBXFileReference; explicitFileType = wrapper.application; includeInIndex = 0; path = "萨达.app"; sourceTree = BUILT_PRODUCTS_DIR; };
		F3327DF81D3D02B500AA3E03 /* main.m */ = {isa = PBXFileReference; lastKnownFileType = sourcecode.c.objc; path = main.m; sourceTree = "<group>"; };
		F3327DFA1D3D02B500AA3E03 /* AppDelegate.h */ = {isa = PBXFileReference; lastKnownFileType = sourcecode.c.h; path = AppDelegate.h; sourceTree = "<group>"; };
		F3327DFB1D3D02B500AA3E03 /* AppDelegate.m */ = {isa = PBXFileReference; lastKnownFileType = sourcecode.c.objc; path = AppDelegate.m; sourceTree = "<group>"; };
		F3327DFD1D3D02B500AA3E03 /* ViewController.h */ = {isa = PBXFileReference; lastKnownFileType = sourcecode.c.h; path = ViewController.h; sourceTree = "<group>"; };
		F3327DFE1D3D02B500AA3E03 /* ViewController.m */ = {isa = PBXFileReference; lastKnownFileType = sourcecode.c.objc; path = ViewController.m; sourceTree = "<group>"; };
		F3327E011D3D02B500AA3E03 /* Base */ = {isa = PBXFileReference; lastKnownFileType = file.storyboard; name = Base; path = Base.lproj/Main.storyboard; sourceTree = "<group>"; };
		F3327E041D3D02B500AA3E03 /* __.xcdatamodel */ = {isa = PBXFileReference; lastKnownFileType = wrapper.xcdatamodel; path = __.xcdatamodel; sourceTree = "<group>"; };
		F3327E061D3D02B500AA3E03 /* Assets.xcassets */ = {isa = PBXFileReference; lastKnownFileType = folder.assetcatalog; path = Assets.xcassets; sourceTree = "<group>"; };
		F3327E091D3D02B500AA3E03 /* Base */ = {isa = PBXFileReference; lastKnownFileType = file.storyboard; name = Base; path = Base.lproj/LaunchScreen.storyboard; sourceTree = "<group>"; };
		F3327E0B1D3D02B500AA3E03 /* Info.plist */ = {isa = PBXFileReference; lastKnownFileType = text.plist.xml; path = Info.plist; sourceTree = "<group>"; };
		F3327E101D3D02B500AA3E03 /* 萨达Tests.xctest */ = {isa = PBXFileReference; explicitFileType = wrapper.cfbundle; includeInIndex = 0; path = "萨达Tests.xctest"; sourceTree = BUILT_PRODUCTS_DIR; };
		F3327E141D3D02B500AA3E03 /* __Tests.m */ = {isa = PBXFileReference; lastKnownFileType = sourcecode.c.objc; path = __Tests.m; sourceTree = "<group>"; };
		F3327E161D3D02B500AA3E03 /* Info.plist */ = {isa = PBXFileReference; lastKnownFileType = text.plist.xml; path = Info.plist; sourceTree = "<group>"; };
		F3327E1B1D3D02B500AA3E03 /* 萨达UITests.xctest */ = {isa = PBXFileReference; explicitFileType = wrapper.cfbundle; includeInIndex = 0; path = "萨达UITests.xctest"; sourceTree = BUILT_PRODUCTS_DIR; };
		F3327E1F1D3D02B500AA3E03 /* __UITests.m */ = {isa = PBXFileReference; lastKnownFileType = sourcecode.c.objc; path = __UITests.m; sourceTree = "<group>"; };
		F3327E211D3D02B500AA3E03 /* Info.plist */ = {isa = PBXFileReference; lastKnownFileType = text.plist.xml; path = Info.plist; sourceTree = "<group>"; };
/* End PBXFileReference section */

/* Begin PBXFrameworksBuildPhase section */
		F3327DF11D3D02B500AA3E03 /* Frameworks */ = {
			isa = PBXFrameworksBuildPhase;
			buildActionMask = 2147483647;
			files = (
			);
			runOnlyForDeploymentPostprocessing = 0;
		};
		F3327E0D1D3D02B500AA3E03 /* Frameworks */ = {
			isa = PBXFrameworksBuildPhase;
			buildActionMask = 2147483647;
			files = (
			);
			runOnlyForDeploymentPostprocessing = 0;
		};
		F3327E181D3D02B500AA3E03 /* Frameworks */ = {
			isa = PBXFrameworksBuildPhase;
			buildActionMask = 2147483647;
			files = (
			);
			runOnlyForDeploymentPostprocessing = 0;
		};
/* End PBXFrameworksBuildPhase section */

/* Begin PBXGroup section */
		F3327DEB1D3D02B500AA3E03 = {
			isa = PBXGroup;
			children = (
				F3327DF61D3D02B500AA3E03 /* 萨达 */,
				F3327E131D3D02B500AA3E03 /* 萨达Tests */,
				F3327E1E1D3D02B500AA3E03 /* 萨达UITests */,
				F3327DF51D3D02B500AA3E03 /* Products */,
			);
			sourceTree = "<group>";
		};
		F3327DF51D3D02B500AA3E03 /* Products */ = {
			isa = PBXGroup;
			children = (
				F3327DF41D3D02B500AA3E03 /* 萨达.app */,
				F3327E101D3D02B500AA3E03 /* 萨达Tests.xctest */,
				F3327E1B1D3D02B500AA3E03 /* 萨达UITests.xctest */,
			);
			name = Products;
			sourceTree = "<group>";
		};
		F3327DF61D3D02B500AA3E03 /* 萨达 */ = {
			isa = PBXGroup;
			children = (
				F3327DFA1D3D02B500AA3E03 /* AppDelegate.h */,
				F3327DFB1D3D02B500AA3E03 /* AppDelegate.m */,
				F3327DFD1D3D02B500AA3E03 /* ViewController.h */,
				F3327DFE1D3D02B500AA3E03 /* ViewController.m */,
				F3327E001D3D02B500AA3E03 /* Main.storyboard */,
				F3327E061D3D02B500AA3E03 /* Assets.xcassets */,
				F3327E081D3D02B500AA3E03 /* LaunchScreen.storyboard */,
				F3327E0B1D3D02B500AA3E03 /* Info.plist */,
				F3327E031D3D02B500AA3E03 /* __.xcdatamodeld */,
				F3327DF71D3D02B500AA3E03 /* Supporting Files */,
			);
			path = "萨达";
			sourceTree = "<group>";
		};
		F3327DF71D3D02B500AA3E03 /* Supporting Files */ = {
			isa = PBXGroup;
			children = (
				F3327DF81D3D02B500AA3E03 /* main.m */,
			);
			name = "Supporting Files";
			sourceTree = "<group>";
		};
		F3327E131D3D02B500AA3E03 /* 萨达Tests */ = {
			isa = PBXGroup;
			children = (
				F3327E141D3D02B500AA3E03 /* __Tests.m */,
				F3327E161D3D02B500AA3E03 /* Info.plist */,
			);
			path = "萨达Tests";
			sourceTree = "<group>";
		};
		F3327E1E1D3D02B500AA3E03 /* 萨达UITests */ = {
			isa = PBXGroup;
			children = (
				F3327E1F1D3D02B500AA3E03 /* __UITests.m */,
				F3327E211D3D02B500AA3E03 /* Info.plist */,
			);
			path = "萨达UITests";
			sourceTree = "<group>";
		};
/* End PBXGroup section */

/* Begin PBXNativeTarget section */
		F3327DF31D3D02B500AA3E03 /* 萨达 */ = {
			isa = PBXNativeTarget;
			buildConfigurationList = F3327E241D3D02B500AA3E03 /* Build configuration list for PBXNativeTarget "萨达" */;
			buildPhases = (
				F3327DF01D3D02B500AA3E03 /* Sources */,
				F3327DF11D3D02B500AA3E03 /* Frameworks */,
				F3327DF21D3D02B500AA3E03 /* Resources */,
			);
			buildRules = (
			);
			dependencies = (
			);
			name = "萨达";
			productName = "萨达";
			productReference = F3327DF41D3D02B500AA3E03 /* 萨达.app */;
			productType = "com.apple.product-type.application";
		};
		F3327E0F1D3D02B500AA3E03 /* 萨达Tests */ = {
			isa = PBXNativeTarget;
			buildConfigurationList = F3327E271D3D02B500AA3E03 /* Build configuration list for PBXNativeTarget "萨达Tests" */;
			buildPhases = (
				F3327E0C1D3D02B500AA3E03 /* Sources */,
				F3327E0D1D3D02B500AA3E03 /* Frameworks */,
				F3327E0E1D3D02B500AA3E03 /* Resources */,
			);
			buildRules = (
			);
			dependencies = (
				F3327E121D3D02B500AA3E03 /* PBXTargetDependency */,
			);
			name = "萨达Tests";
			productName = "萨达Tests";
			productReference = F3327E101D3D02B500AA3E03 /* 萨达Tests.xctest */;
			productType = "com.apple.product-type.bundle.unit-test";
		};
		F3327E1A1D3D02B500AA3E03 /* 萨达UITests */ = {
			isa = PBXNativeTarget;
			buildConfigurationList = F3327E2A1D3D02B500AA3E03 /* Build configuration list for PBXNativeTarget "萨达UITests" */;
			buildPhases = (
				F3327E171D3D02B500AA3E03 /* Sources */,
				F3327E181D3D02B500AA3E03 /* Frameworks */,
				F3327E191D3D02B500AA3E03 /* Resources */,
			);
			buildRules = (
			);
			dependencies = (
				F3327E1D1D3D02B500AA3E03 /* PBXTargetDependency */,
			);
			name = "萨达UITests";
			productName = "萨达UITests";
			productReference = F3327E1B1D3D02B500AA3E03 /* 萨达UITests.xctest */;
			productType = "com.apple.product-type.bundle.ui-testing";
		};
/* End PBXNativeTarget section */

/* Begin PBXProject section */
		F3327DEC1D3D02B500AA3E03 /* Project object */ = {
			isa = PBXProject;
			attributes = {
				LastUpgradeCheck = 0730;
				ORGANIZATIONNAME = garday;
				TargetAttributes = {
					F3327DF31D3D02B500AA3E03 = {
						CreatedOnToolsVersion = 7.3.1;
						DevelopmentTeam = 2CY5L588P3;
					};
					F3327E0F1D3D02B500AA3E03 = {
						CreatedOnToolsVersion = 7.3.1;
						DevelopmentTeam = 2CY5L588P3;
						TestTargetID = F3327DF31D3D02B500AA3E03;
					};
					F3327E1A1D3D02B500AA3E03 = {
						CreatedOnToolsVersion = 7.3.1;
						DevelopmentTeam = 2CY5L588P3;
						TestTargetID = F3327DF31D3D02B500AA3E03;
					};
				};
			};
			buildConfigurationList = F3327DEF1D3D02B500AA3E03 /* Build configuration list for PBXProject "萨达" */;
			compatibilityVersion = "Xcode 3.2";
			developmentRegion = English;
			hasScannedForEncodings = 0;
			knownRegions = (
				en,
				Base,
			);
			mainGroup = F3327DEB1D3D02B500AA3E03;
			productRefGroup = F3327DF51D3D02B500AA3E03 /* Products */;
			projectDirPath = "";
			projectRoot = "";
			targets = (
				F3327DF31D3D02B500AA3E03 /* 萨达 */,
				F3327E0F1D3D02B500AA3E03 /* 萨达Tests */,
				F3327E1A1D3D02B500AA3E03 /* 萨达UITests */,
			);
		};
/* End PBXProject section */

/* Begin PBXResourcesBuildPhase section */
		F3327DF21D3D02B500AA3E03 /* Resources */ = {
			isa = PBXResourcesBuildPhase;
			buildActionMask = 2147483647;
			files = (
				F3327E0A1D3D02B500AA3E03 /* LaunchScreen.storyboard in Resources */,
				F3327E071D3D02B500AA3E03 /* Assets.xcassets in Resources */,
				F3327E021D3D02B500AA3E03 /* Main.storyboard in Resources */,
			);
			runOnlyForDeploymentPostprocessing = 0;
		};
		F3327E0E1D3D02B500AA3E03 /* Resources */ = {
			isa = PBXResourcesBuildPhase;
			buildActionMask = 2147483647;
			files = (
			);
			runOnlyForDeploymentPostprocessing = 0;
		};
		F3327E191D3D02B500AA3E03 /* Resources */ = {
			isa = PBXResourcesBuildPhase;
			buildActionMask = 2147483647;
			files = (
			);
			runOnlyForDeploymentPostprocessing = 0;
		};
/* End PBXResourcesBuildPhase section */

/* Begin PBXSourcesBuildPhase section */
		F3327DF01D3D02B500AA3E03 /* Sources */ = {
			isa = PBXSourcesBuildPhase;
			buildActionMask = 2147483647;
			files = (
				F3327DFF1D3D02B500AA3E03 /* ViewController.m in Sources */,
				F3327E051D3D02B500AA3E03 /* __.xcdatamodeld in Sources */,
				F3327DFC1D3D02B500AA3E03 /* AppDelegate.m in Sources */,
				F3327DF91D3D02B500AA3E03 /* main.m in Sources */,
			);
			runOnlyForDeploymentPostprocessing = 0;
		};
		F3327E0C1D3D02B500AA3E03 /* Sources */ = {
			isa = PBXSourcesBuildPhase;
			buildActionMask = 2147483647;
			files = (
				F3327E151D3D02B500AA3E03 /* __Tests.m in Sources */,
			);
			runOnlyForDeploymentPostprocessing = 0;
		};
		F3327E171D3D02B500AA3E03 /* Sources */ = {
			isa = PBXSourcesBuildPhase;
			buildActionMask = 2147483647;
			files = (
				F3327E201D3D02B500AA3E03 /* __UITests.m in Sources */,
			);
			runOnlyForDeploymentPostprocessing = 0;
		};
/* End PBXSourcesBuildPhase section */

/* Begin PBXTargetDependency section */
		F3327E121D3D02B500AA3E03 /* PBXTargetDependency */ = {
			isa = PBXTargetDependency;
			target = F3327DF31D3D02B500AA3E03 /* 萨达 */;
			targetProxy = F3327E111D3D02B500AA3E03 /* PBXContainerItemProxy */;
		};
		F3327E1D1D3D02B500AA3E03 /* PBXTargetDependency */ = {
			isa = PBXTargetDependency;
			target = F3327DF31D3D02B500AA3E03 /* 萨达 */;
			targetProxy = F3327E1C1D3D02B500AA3E03 /* PBXContainerItemProxy */;
		};
/* End PBXTargetDependency section */

/* Begin PBXVariantGroup section */
		F3327E001D3D02B500AA3E03 /* Main.storyboard */ = {
			isa = PBXVariantGroup;
			children = (
				F3327E011D3D02B500AA3E03 /* Base */,
			);
			name = Main.storyboard;
			sourceTree = "<group>";
		};
		F3327E081D3D02B500AA3E03 /* LaunchScreen.storyboard */ = {
			isa = PBXVariantGroup;
			children = (
				F3327E091D3D02B500AA3E03 /* Base */,
			);
			name = LaunchScreen.storyboard;
			sourceTree = "<group>";
		};
/* End PBXVariantGroup section */

/* Begin XCBuildConfiguration section */
		F3327E221D3D02B500AA3E03 /* Debug */ = {
			isa = XCBuildConfiguration;
			buildSettings = {
				ALWAYS_SEARCH_USER_PATHS = NO;
				CLANG_ANALYZER_NONNULL = YES;
				CLANG_CXX_LANGUAGE_STANDARD = "gnu++0x";
				CLANG_CXX_LIBRARY = "libc++";
				CLANG_ENABLE_MODULES = YES;
				CLANG_ENABLE_OBJC_ARC = YES;
				CLANG_WARN_BOOL_CONVERSION = YES;
				CLANG_WARN_CONSTANT_CONVERSION = YES;
				CLANG_WARN_DIRECT_OBJC_ISA_USAGE = YES_ERROR;
				CLANG_WARN_EMPTY_BODY = YES;
				CLANG_WARN_ENUM_CONVERSION = YES;
				CLANG_WARN_INT_CONVERSION = YES;
				CLANG_WARN_OBJC_ROOT_CLASS = YES_ERROR;
				CLANG_WARN_UNREACHABLE_CODE = YES;
				CLANG_WARN__DUPLICATE_METHOD_MATCH = YES;
				"CODE_SIGN_IDENTITY[sdk=iphoneos*]" = "iPhone Developer";
				COPY_PHASE_STRIP = NO;
				DEBUG_INFORMATION_FORMAT = dwarf;
				ENABLE_STRICT_OBJC_MSGSEND = YES;
				ENABLE_TESTABILITY = YES;
				GCC_C_LANGUAGE_STANDARD = gnu99;
				GCC_DYNAMIC_NO_PIC = NO;
				GCC_NO_COMMON_BLOCKS = YES;
				GCC_OPTIMIZATION_LEVEL = 0;
				GCC_PREPROCESSOR_DEFINITIONS = (
					"DEBUG=1",
					"$(inherited)",
				);
				GCC_WARN_64_TO_32_BIT_CONVERSION = YES;
				GCC_WARN_ABOUT_RETURN_TYPE = YES_ERROR;
				GCC_WARN_UNDECLARED_SELECTOR = YES;
				GCC_WARN_UNINITIALIZED_AUTOS = YES_AGGRESSIVE;
				GCC_WARN_UNUSED_FUNCTION = YES;
				GCC_WARN_UNUSED_VARIABLE = YES;
				IPHONEOS_DEPLOYMENT_TARGET = 9.3;
				MTL_ENABLE_DEBUG_INFO = YES;
				ONLY_ACTIVE_ARCH = YES;
				SDKROOT = iphoneos;
			};
			name = Debug;
		};
		F3327E231D3D02B500AA3E03 /* Release */ = {
			isa = XCBuildConfiguration;
			buildSettings = {
				ALWAYS_SEARCH_USER_PATHS = NO;
				CLANG_ANALYZER_NONNULL = YES;
				CLANG_CXX_LANGUAGE_STANDARD = "gnu++0x";
				CLANG_CXX_LIBRARY = "libc++";
				CLANG_ENABLE_MODULES = YES;
				CLANG_ENABLE_OBJC_ARC = YES;
				CLANG_WARN_BOOL_CONVERSION = YES;
				CLANG_WARN_CONSTANT_CONVERSION = YES;
				CLANG_WARN_DIRECT_OBJC_ISA_USAGE = YES_ERROR;
				CLANG_WARN_EMPTY_BODY = YES;
				CLANG_WARN_ENUM_CONVERSION = YES;
				CLANG_WARN_INT_CONVERSION = YES;
				CLANG_WARN_OBJC_ROOT_CLASS = YES_ERROR;
				CLANG_WARN_UNREACHABLE_CODE = YES;
				CLANG_WARN__DUPLICATE_METHOD_MATCH = YES;
				"CODE_SIGN_IDENTITY[sdk=iphoneos*]" = "iPhone Developer";
				COPY_PHASE_STRIP = NO;
				DEBUG_INFORMATION_FORMAT = "dwarf-with-dsym";
				ENABLE_NS_ASSERTIONS = NO;
				ENABLE_STRICT_OBJC_MSGSEND = YES;
				GCC_C_LANGUAGE_STANDARD = gnu99;
				GCC_NO_COMMON_BLOCKS = YES;
				GCC_WARN_64_TO_32_BIT_CONVERSION = YES;
				GCC_WARN_ABOUT_RETURN_TYPE = YES_ERROR;
				GCC_WARN_UNDECLARED_SELECTOR = YES;
				GCC_WARN_UNINITIALIZED_AUTOS = YES_AGGRESSIVE;
				GCC_WARN_UNUSED_FUNCTION = YES;
				GCC_WARN_UNUSED_VARIABLE = YES;
				IPHONEOS_DEPLOYMENT_TARGET = 9.3;
				MTL_ENABLE_DEBUG_INFO = NO;
				SDKROOT = iphoneos;
				VALIDATE_PRODUCT = YES;
			};
			name = Release;
		};
		F3327E251D3D02B500AA3E03 /* Debug */ = {
			isa = XCBuildConfiguration;
			buildSettings = {
				ASSETCATALOG_COMPILER_APPICON_NAME = AppIcon;
				INFOPLIST_FILE = "萨达/Info.plist";
				LD_RUNPATH_SEARCH_PATHS = "$(inherited) @executable_path/Frameworks";
				PRODUCT_BUNDLE_IDENTIFIER = "garday.--";
				PRODUCT_NAME = "$(TARGET_NAME)";
			};
			name = Debug;
		};
		F3327E261D3D02B500AA3E03 /* Release */ = {
			isa = XCBuildConfiguration;
			buildSettings = {
				ASSETCATALOG_COMPILER_APPICON_NAME = AppIcon;
				INFOPLIST_FILE = "萨达/Info.plist";
				LD_RUNPATH_SEARCH_PATHS = "$(inherited) @executable_path/Frameworks";
				PRODUCT_BUNDLE_IDENTIFIER = "garday.--";
				PRODUCT_NAME = "$(TARGET_NAME)";
			};
			name = Release;
		};
		F3327E281D3D02B500AA3E03 /* Debug */ = {
			isa = XCBuildConfiguration;
			buildSettings = {
				BUNDLE_LOADER = "$(TEST_HOST)";
				INFOPLIST_FILE = "萨达Tests/Info.plist";
				LD_RUNPATH_SEARCH_PATHS = "$(inherited) @executable_path/Frameworks @loader_path/Frameworks";
				PRODUCT_BUNDLE_IDENTIFIER = "garday.--Tests";
				PRODUCT_NAME = "$(TARGET_NAME)";
				TEST_HOST = "$(BUILT_PRODUCTS_DIR)/萨达.app/萨达";
			};
			name = Debug;
		};
		F3327E291D3D02B500AA3E03 /* Release */ = {
			isa = XCBuildConfiguration;
			buildSettings = {
				BUNDLE_LOADER = "$(TEST_HOST)";
				INFOPLIST_FILE = "萨达Tests/Info.plist";
				LD_RUNPATH_SEARCH_PATHS = "$(inherited) @executable_path/Frameworks @loader_path/Frameworks";
				PRODUCT_BUNDLE_IDENTIFIER = "garday.--Tests";
				PRODUCT_NAME = "$(TARGET_NAME)";
				TEST_HOST = "$(BUILT_PRODUCTS_DIR)/萨达.app/萨达";
			};
			name = Release;
		};
		F3327E2B1D3D02B500AA3E03 /* Debug */ = {
			isa = XCBuildConfiguration;
			buildSettings = {
				INFOPLIST_FILE = "萨达UITests/Info.plist";
				LD_RUNPATH_SEARCH_PATHS = "$(inherited) @executable_path/Frameworks @loader_path/Frameworks";
				PRODUCT_BUNDLE_IDENTIFIER = "garday.--UITests";
				PRODUCT_NAME = "$(TARGET_NAME)";
				TEST_TARGET_NAME = "萨达";
			};
			name = Debug;
		};
		F3327E2C1D3D02B500AA3E03 /* Release */ = {
			isa = XCBuildConfiguration;
			buildSettings = {
				INFOPLIST_FILE = "萨达UITests/Info.plist";
				LD_RUNPATH_SEARCH_PATHS = "$(inherited) @executable_path/Frameworks @loader_path/Frameworks";
				PRODUCT_BUNDLE_IDENTIFIER = "garday.--UITests";
				PRODUCT_NAME = "$(TARGET_NAME)";
				TEST_TARGET_NAME = "萨达";
			};
			name = Release;
		};
/* End XCBuildConfiguration section */

/* Begin XCConfigurationList section */
		F3327DEF1D3D02B500AA3E03 /* Build configuration list for PBXProject "萨达" */ = {
			isa = XCConfigurationList;
			buildConfigurations = (
				F3327E221D3D02B500AA3E03 /* Debug */,
				F3327E231D3D02B500AA3E03 /* Release */,
			);
			defaultConfigurationIsVisible = 0;
			defaultConfigurationName = Release;
		};
		F3327E241D3D02B500AA3E03 /* Build configuration list for PBXNativeTarget "萨达" */ = {
			isa = XCConfigurationList;
			buildConfigurations = (
				F3327E251D3D02B500AA3E03 /* Debug */,
				F3327E261D3D02B500AA3E03 /* Release */,
			);
			defaultConfigurationIsVisible = 0;
		};
		F3327E271D3D02B500AA3E03 /* Build configuration list for PBXNativeTarget "萨达Tests" */ = {
			isa = XCConfigurationList;
			buildConfigurations = (
				F3327E281D3D02B500AA3E03 /* Debug */,
				F3327E291D3D02B500AA3E03 /* Release */,
			);
			defaultConfigurationIsVisible = 0;
		};
		F3327E2A1D3D02B500AA3E03 /* Build configuration list for PBXNativeTarget "萨达UITests" */ = {
			isa = XCConfigurationList;
			buildConfigurations = (
				F3327E2B1D3D02B500AA3E03 /* Debug */,
				F3327E2C1D3D02B500AA3E03 /* Release */,
			);
			defaultConfigurationIsVisible = 0;
		};
/* End XCConfigurationList section */

/* Begin XCVersionGroup section */
		F3327E031D3D02B500AA3E03 /* __.xcdatamodeld */ = {
			isa = XCVersionGroup;
			children = (
				F3327E041D3D02B500AA3E03 /* __.xcdatamodel */,
			);
			currentVersion = F3327E041D3D02B500AA3E03 /* __.xcdatamodel */;
			path = __.xcdatamodeld;
			sourceTree = "<group>";
			versionGroupType = wrapper.xcdatamodel;
		};
/* End XCVersionGroup section */
	};
	rootObject = F3327DEC1D3D02B500AA3E03 /* Project object */;
}
